
Microsoft Visual Studio Solution File, Format Version 12.00
# Visual Studio 14
VisualStudioVersion = 14.0.22823.1
MinimumVisualStudioVersion = 10.0.40219.1
Project("{FAE04EC0-301F-11D3-BF4B-00C04F79EFBC}") = "Detector.WPFApp", "Detector.WPFApp\Detector.WPFApp.csproj", "{E6DFCF05-76AF-46EA-8CEC-09F0B29D9116}"
EndProject
Project("{2150E333-8FDC-42A3-9474-1A3956D46DE8}") = "Tests", "Tests", "{B1221023-2AC8-4D8E-AA5B-6E50FC805636}"
EndProject
Project("{FAE04EC0-301F-11D3-BF4B-00C04F79EFBC}") = "Detector.WPFApp.Tests", "Tests\Detector.WPFApp.Tests\Detector.WPFApp.Tests.csproj", "{2D7B31C7-9A46-4FD3-B4AD-851145E1EDA3}"
EndProject
Project("{FAE04EC0-301F-11D3-BF4B-00C04F79EFBC}") = "Detector.Models.Tests", "Tests\Detector.Models.Tests\Detector.Models.Tests.csproj", "{D5806A2A-161F-4E72-A8A1-1E92D85DA31E}"
EndProject
Project("{FAE04EC0-301F-11D3-BF4B-00C04F79EFBC}") = "Detector.Main.Tests", "Tests\Detector.Main.Tests\Detector.Main.Tests.csproj", "{000AC8B1-E397-4F3E-93C7-30A69A813941}"
EndProject
Project("{FAE04EC0-301F-11D3-BF4B-00C04F79EFBC}") = "Detector.Extractors.LINQToSQL40.Tests", "Tests\Detector.Extractors.Tests\Detector.Extractors.LINQToSQL40.Tests.csproj", "{FA723D81-68D0-464F-8937-E14E926F2011}"
EndProject
Project("{FAE04EC0-301F-11D3-BF4B-00C04F79EFBC}") = "Detector.Models", "Detector.Models\Detector.Models.csproj", "{68E7FE5D-639E-4BB0-B6CD-9D3ADF984D6E}"
EndProject
Project("{FAE04EC0-301F-11D3-BF4B-00C04F79EFBC}") = "Detector.Extractors", "Detector.Extractors\Detector.Extractors.csproj", "{200F6E6D-E6BD-4F1B-8EAD-55ECBC09B9F3}"
EndProject
Project("{FAE04EC0-301F-11D3-BF4B-00C04F79EFBC}") = "Detector.Main", "Detector.Main\Detector.Main.csproj", "{CCEEE6D1-D9E6-4A9B-A345-20A3A3009981}"
EndProject
Project("{FAE04EC0-301F-11D3-BF4B-00C04F79EFBC}") = "Detector.Extractors.Base", "Detector.Extractors.Base\Detector.Extractors.Base.csproj", "{97F1E032-107E-4946-BEB3-4AD63332F86F}"
EndProject
Project("{2150E333-8FDC-42A3-9474-1A3956D46DE8}") = "ProjectsUnderTest", "ProjectsUnderTest", "{007F7EE8-3319-45B0-87AD-28A7342A649B}"
EndProject
Project("{FAE04EC0-301F-11D3-BF4B-00C04F79EFBC}") = "L2S40_Northwind", "..\L2S_Northwind\L2S_Northwind\L2S40_Northwind.csproj", "{6C7AFCBE-DBDE-4D4D-849A-AC9C7E4CB532}"
EndProject
Project("{FAE04EC0-301F-11D3-BF4B-00C04F79EFBC}") = "L2S40_ClassLibraryMinimal", "Tests\ProjectsUnderTest\L2S_ClassLibraryMinimal\L2S40_ClassLibraryMinimal.csproj", "{306142DC-50F2-4EAF-BCC4-C59EB295A67F}"
EndProject
Project("{FAE04EC0-301F-11D3-BF4B-00C04F79EFBC}") = "Detertor.Extractors.LINQToSQL40", "Detertor.Extractors.LINQToSQL40\Detertor.Extractors.LINQToSQL40.csproj", "{91BFB500-E859-4F36-96C0-930B2110BE18}"
EndProject
Project("{2150E333-8FDC-42A3-9474-1A3956D46DE8}") = "Extractors", "Extractors", "{179E7FC2-D8F5-4E20-8515-94614A35BC3B}"
EndProject
Project("{FAE04EC0-301F-11D3-BF4B-00C04F79EFBC}") = "Detector.Extractors.EntityFramework6.2", "Detector.Extractors.EntityFramework6.2\Detector.Extractors.EntityFramework6.2.csproj", "{19DA44C4-2E37-48A4-B690-51D0BBEA57C2}"
EndProject
Project("{FAE04EC0-301F-11D3-BF4B-00C04F79EFBC}") = "Detector.Extractors.NHibernate40", "Detector.Extractors.NHibernate40\Detector.Extractors.NHibernate40.csproj", "{9B5ACE1E-7251-486E-8D90-55575B09658F}"
EndProject
Project("{FAE04EC0-301F-11D3-BF4B-00C04F79EFBC}") = "EF62_CodeFirst_Northwind", "Tests\ProjectsUnderTest\EF_Northwind\EF62_CodeFirst_Northwind.csproj", "{95699AB6-02EE-4D6B-A6B9-99342DC77032}"
EndProject
Project("{FAE04EC0-301F-11D3-BF4B-00C04F79EFBC}") = "EF62_ModelFirst_Northwind", "Tests\ProjectsUnderTest\EF62_ModelFirst_Northwind\EF62_ModelFirst_Northwind.csproj", "{04B710B9-323B-4859-AD29-AE4D033A180B}"
EndProject
Project("{FAE04EC0-301F-11D3-BF4B-00C04F79EFBC}") = "NHibernate40_Northwind", "Tests\ProjectsUnderTest\NHibernate_Northwind\NHibernate40_Northwind.csproj", "{C157331B-25C8-4CE8-B54F-1C5D9E9B1FDA}"
EndProject
Project("{FAE04EC0-301F-11D3-BF4B-00C04F79EFBC}") = "Detector.CodeExecutionPathsCtr.Tests", "Tests\Detector.CodeExecutionPathsCtr.Tests\Detector.CodeExecutionPathsCtr.Tests.csproj", "{3E99B872-05F8-4F64-9907-84C3E03478CA}"
EndProject
Global
	GlobalSection(SolutionConfigurationPlatforms) = preSolution
		Debug|Any CPU = Debug|Any CPU
		Release|Any CPU = Release|Any CPU
	EndGlobalSection
	GlobalSection(ProjectConfigurationPlatforms) = postSolution
		{E6DFCF05-76AF-46EA-8CEC-09F0B29D9116}.Debug|Any CPU.ActiveCfg = Debug|Any CPU
		{E6DFCF05-76AF-46EA-8CEC-09F0B29D9116}.Debug|Any CPU.Build.0 = Debug|Any CPU
		{E6DFCF05-76AF-46EA-8CEC-09F0B29D9116}.Release|Any CPU.ActiveCfg = Release|Any CPU
		{E6DFCF05-76AF-46EA-8CEC-09F0B29D9116}.Release|Any CPU.Build.0 = Release|Any CPU
		{2D7B31C7-9A46-4FD3-B4AD-851145E1EDA3}.Debug|Any CPU.ActiveCfg = Debug|Any CPU
		{2D7B31C7-9A46-4FD3-B4AD-851145E1EDA3}.Debug|Any CPU.Build.0 = Debug|Any CPU
		{2D7B31C7-9A46-4FD3-B4AD-851145E1EDA3}.Release|Any CPU.ActiveCfg = Release|Any CPU
		{2D7B31C7-9A46-4FD3-B4AD-851145E1EDA3}.Release|Any CPU.Build.0 = Release|Any CPU
		{D5806A2A-161F-4E72-A8A1-1E92D85DA31E}.Debug|Any CPU.ActiveCfg = Debug|Any CPU
		{D5806A2A-161F-4E72-A8A1-1E92D85DA31E}.Debug|Any CPU.Build.0 = Debug|Any CPU
		{D5806A2A-161F-4E72-A8A1-1E92D85DA31E}.Release|Any CPU.ActiveCfg = Release|Any CPU
		{D5806A2A-161F-4E72-A8A1-1E92D85DA31E}.Release|Any CPU.Build.0 = Release|Any CPU
		{000AC8B1-E397-4F3E-93C7-30A69A813941}.Debug|Any CPU.ActiveCfg = Debug|Any CPU
		{000AC8B1-E397-4F3E-93C7-30A69A813941}.Debug|Any CPU.Build.0 = Debug|Any CPU
		{000AC8B1-E397-4F3E-93C7-30A69A813941}.Release|Any CPU.ActiveCfg = Release|Any CPU
		{000AC8B1-E397-4F3E-93C7-30A69A813941}.Release|Any CPU.Build.0 = Release|Any CPU
		{FA723D81-68D0-464F-8937-E14E926F2011}.Debug|Any CPU.ActiveCfg = Debug|Any CPU
		{FA723D81-68D0-464F-8937-E14E926F2011}.Debug|Any CPU.Build.0 = Debug|Any CPU
		{FA723D81-68D0-464F-8937-E14E926F2011}.Release|Any CPU.ActiveCfg = Release|Any CPU
		{FA723D81-68D0-464F-8937-E14E926F2011}.Release|Any CPU.Build.0 = Release|Any CPU
		{68E7FE5D-639E-4BB0-B6CD-9D3ADF984D6E}.Debug|Any CPU.ActiveCfg = Debug|Any CPU
		{68E7FE5D-639E-4BB0-B6CD-9D3ADF984D6E}.Debug|Any CPU.Build.0 = Debug|Any CPU
		{68E7FE5D-639E-4BB0-B6CD-9D3ADF984D6E}.Release|Any CPU.ActiveCfg = Release|Any CPU
		{68E7FE5D-639E-4BB0-B6CD-9D3ADF984D6E}.Release|Any CPU.Build.0 = Release|Any CPU
		{200F6E6D-E6BD-4F1B-8EAD-55ECBC09B9F3}.Debug|Any CPU.ActiveCfg = Debug|Any CPU
		{200F6E6D-E6BD-4F1B-8EAD-55ECBC09B9F3}.Debug|Any CPU.Build.0 = Debug|Any CPU
		{200F6E6D-E6BD-4F1B-8EAD-55ECBC09B9F3}.Release|Any CPU.ActiveCfg = Release|Any CPU
		{200F6E6D-E6BD-4F1B-8EAD-55ECBC09B9F3}.Release|Any CPU.Build.0 = Release|Any CPU
		{CCEEE6D1-D9E6-4A9B-A345-20A3A3009981}.Debug|Any CPU.ActiveCfg = Debug|Any CPU
		{CCEEE6D1-D9E6-4A9B-A345-20A3A3009981}.Debug|Any CPU.Build.0 = Debug|Any CPU
		{CCEEE6D1-D9E6-4A9B-A345-20A3A3009981}.Release|Any CPU.ActiveCfg = Release|Any CPU
		{CCEEE6D1-D9E6-4A9B-A345-20A3A3009981}.Release|Any CPU.Build.0 = Release|Any CPU
		{97F1E032-107E-4946-BEB3-4AD63332F86F}.Debug|Any CPU.ActiveCfg = Debug|Any CPU
		{97F1E032-107E-4946-BEB3-4AD63332F86F}.Debug|Any CPU.Build.0 = Debug|Any CPU
		{97F1E032-107E-4946-BEB3-4AD63332F86F}.Release|Any CPU.ActiveCfg = Release|Any CPU
		{97F1E032-107E-4946-BEB3-4AD63332F86F}.Release|Any CPU.Build.0 = Release|Any CPU
		{6C7AFCBE-DBDE-4D4D-849A-AC9C7E4CB532}.Debug|Any CPU.ActiveCfg = Debug|Any CPU
		{6C7AFCBE-DBDE-4D4D-849A-AC9C7E4CB532}.Debug|Any CPU.Build.0 = Debug|Any CPU
		{6C7AFCBE-DBDE-4D4D-849A-AC9C7E4CB532}.Release|Any CPU.ActiveCfg = Release|Any CPU
		{6C7AFCBE-DBDE-4D4D-849A-AC9C7E4CB532}.Release|Any CPU.Build.0 = Release|Any CPU
		{306142DC-50F2-4EAF-BCC4-C59EB295A67F}.Debug|Any CPU.ActiveCfg = Debug|Any CPU
		{306142DC-50F2-4EAF-BCC4-C59EB295A67F}.Debug|Any CPU.Build.0 = Debug|Any CPU
		{306142DC-50F2-4EAF-BCC4-C59EB295A67F}.Release|Any CPU.ActiveCfg = Release|Any CPU
		{306142DC-50F2-4EAF-BCC4-C59EB295A67F}.Release|Any CPU.Build.0 = Release|Any CPU
		{91BFB500-E859-4F36-96C0-930B2110BE18}.Debug|Any CPU.ActiveCfg = Debug|Any CPU
		{91BFB500-E859-4F36-96C0-930B2110BE18}.Debug|Any CPU.Build.0 = Debug|Any CPU
		{91BFB500-E859-4F36-96C0-930B2110BE18}.Release|Any CPU.ActiveCfg = Release|Any CPU
		{91BFB500-E859-4F36-96C0-930B2110BE18}.Release|Any CPU.Build.0 = Release|Any CPU
		{19DA44C4-2E37-48A4-B690-51D0BBEA57C2}.Debug|Any CPU.ActiveCfg = Debug|Any CPU
		{19DA44C4-2E37-48A4-B690-51D0BBEA57C2}.Debug|Any CPU.Build.0 = Debug|Any CPU
		{19DA44C4-2E37-48A4-B690-51D0BBEA57C2}.Release|Any CPU.ActiveCfg = Release|Any CPU
		{19DA44C4-2E37-48A4-B690-51D0BBEA57C2}.Release|Any CPU.Build.0 = Release|Any CPU
		{9B5ACE1E-7251-486E-8D90-55575B09658F}.Debug|Any CPU.ActiveCfg = Debug|Any CPU
		{9B5ACE1E-7251-486E-8D90-55575B09658F}.Debug|Any CPU.Build.0 = Debug|Any CPU
		{9B5ACE1E-7251-486E-8D90-55575B09658F}.Release|Any CPU.ActiveCfg = Release|Any CPU
		{9B5ACE1E-7251-486E-8D90-55575B09658F}.Release|Any CPU.Build.0 = Release|Any CPU
		{95699AB6-02EE-4D6B-A6B9-99342DC77032}.Debug|Any CPU.ActiveCfg = Debug|Any CPU
		{95699AB6-02EE-4D6B-A6B9-99342DC77032}.Debug|Any CPU.Build.0 = Debug|Any CPU
		{95699AB6-02EE-4D6B-A6B9-99342DC77032}.Release|Any CPU.ActiveCfg = Release|Any CPU
		{95699AB6-02EE-4D6B-A6B9-99342DC77032}.Release|Any CPU.Build.0 = Release|Any CPU
		{04B710B9-323B-4859-AD29-AE4D033A180B}.Debug|Any CPU.ActiveCfg = Debug|Any CPU
		{04B710B9-323B-4859-AD29-AE4D033A180B}.Debug|Any CPU.Build.0 = Debug|Any CPU
		{04B710B9-323B-4859-AD29-AE4D033A180B}.Release|Any CPU.ActiveCfg = Release|Any CPU
		{04B710B9-323B-4859-AD29-AE4D033A180B}.Release|Any CPU.Build.0 = Release|Any CPU
		{C157331B-25C8-4CE8-B54F-1C5D9E9B1FDA}.Debug|Any CPU.ActiveCfg = Debug|Any CPU
		{C157331B-25C8-4CE8-B54F-1C5D9E9B1FDA}.Debug|Any CPU.Build.0 = Debug|Any CPU
		{C157331B-25C8-4CE8-B54F-1C5D9E9B1FDA}.Release|Any CPU.ActiveCfg = Release|Any CPU
		{C157331B-25C8-4CE8-B54F-1C5D9E9B1FDA}.Release|Any CPU.Build.0 = Release|Any CPU
		{3E99B872-05F8-4F64-9907-84C3E03478CA}.Debug|Any CPU.ActiveCfg = Debug|Any CPU
		{3E99B872-05F8-4F64-9907-84C3E03478CA}.Debug|Any CPU.Build.0 = Debug|Any CPU
		{3E99B872-05F8-4F64-9907-84C3E03478CA}.Release|Any CPU.ActiveCfg = Release|Any CPU
		{3E99B872-05F8-4F64-9907-84C3E03478CA}.Release|Any CPU.Build.0 = Release|Any CPU
	EndGlobalSection
	GlobalSection(SolutionProperties) = preSolution
		HideSolutionNode = FALSE
	EndGlobalSection
	GlobalSection(NestedProjects) = preSolution
		{2D7B31C7-9A46-4FD3-B4AD-851145E1EDA3} = {B1221023-2AC8-4D8E-AA5B-6E50FC805636}
		{D5806A2A-161F-4E72-A8A1-1E92D85DA31E} = {B1221023-2AC8-4D8E-AA5B-6E50FC805636}
		{000AC8B1-E397-4F3E-93C7-30A69A813941} = {B1221023-2AC8-4D8E-AA5B-6E50FC805636}
		{FA723D81-68D0-464F-8937-E14E926F2011} = {B1221023-2AC8-4D8E-AA5B-6E50FC805636}
		{200F6E6D-E6BD-4F1B-8EAD-55ECBC09B9F3} = {179E7FC2-D8F5-4E20-8515-94614A35BC3B}
		{97F1E032-107E-4946-BEB3-4AD63332F86F} = {179E7FC2-D8F5-4E20-8515-94614A35BC3B}
		{007F7EE8-3319-45B0-87AD-28A7342A649B} = {B1221023-2AC8-4D8E-AA5B-6E50FC805636}
		{6C7AFCBE-DBDE-4D4D-849A-AC9C7E4CB532} = {007F7EE8-3319-45B0-87AD-28A7342A649B}
		{306142DC-50F2-4EAF-BCC4-C59EB295A67F} = {007F7EE8-3319-45B0-87AD-28A7342A649B}
		{91BFB500-E859-4F36-96C0-930B2110BE18} = {179E7FC2-D8F5-4E20-8515-94614A35BC3B}
		{19DA44C4-2E37-48A4-B690-51D0BBEA57C2} = {179E7FC2-D8F5-4E20-8515-94614A35BC3B}
		{9B5ACE1E-7251-486E-8D90-55575B09658F} = {179E7FC2-D8F5-4E20-8515-94614A35BC3B}
		{95699AB6-02EE-4D6B-A6B9-99342DC77032} = {007F7EE8-3319-45B0-87AD-28A7342A649B}
		{04B710B9-323B-4859-AD29-AE4D033A180B} = {007F7EE8-3319-45B0-87AD-28A7342A649B}
		{C157331B-25C8-4CE8-B54F-1C5D9E9B1FDA} = {007F7EE8-3319-45B0-87AD-28A7342A649B}
		{3E99B872-05F8-4F64-9907-84C3E03478CA} = {B1221023-2AC8-4D8E-AA5B-6E50FC805636}
	EndGlobalSection
EndGlobal
